
Microsoft Visual Studio Solution File, Format Version 12.00
# Visual Studio 15
VisualStudioVersion = 15.0.27703.2000
MinimumVisualStudioVersion = 10.0.40219.1
Project("{FAE04EC0-301F-11D3-BF4B-00C04F79EFBC}") = "Desafio1", "Desafio1\Desafio1.csproj", "{CA83129D-2875-4CE2-88EE-07D77E8961F3}"
EndProject
Project("{FAE04EC0-301F-11D3-BF4B-00C04F79EFBC}") = "Desafio2", "Desafio2\Desafio2.csproj", "{294393AD-6F4F-410F-9A0B-BDC3C22CD558}"
EndProject
Project("{FAE04EC0-301F-11D3-BF4B-00C04F79EFBC}") = "Desafio3", "Desafio3\Desafio3.csproj", "{8694E36A-6553-455C-A5D9-1EF3BD74B7AB}"
EndProject
Global
	GlobalSection(SolutionConfigurationPlatforms) = preSolution
		Debug|Any CPU = Debug|Any CPU
		Release|Any CPU = Release|Any CPU
	EndGlobalSection
	GlobalSection(ProjectConfigurationPlatforms) = postSolution
		{CA83129D-2875-4CE2-88EE-07D77E8961F3}.Debug|Any CPU.ActiveCfg = Debug|Any CPU
		{CA83129D-2875-4CE2-88EE-07D77E8961F3}.Debug|Any CPU.Build.0 = Debug|Any CPU
		{CA83129D-2875-4CE2-88EE-07D77E8961F3}.Release|Any CPU.ActiveCfg = Release|Any CPU
		{CA83129D-2875-4CE2-88EE-07D77E8961F3}.Release|Any CPU.Build.0 = Release|Any CPU
		{294393AD-6F4F-410F-9A0B-BDC3C22CD558}.Debug|Any CPU.ActiveCfg = Debug|Any CPU
		{294393AD-6F4F-410F-9A0B-BDC3C22CD558}.Debug|Any CPU.Build.0 = Debug|Any CPU
		{294393AD-6F4F-410F-9A0B-BDC3C22CD558}.Release|Any CPU.ActiveCfg = Release|Any CPU
		{294393AD-6F4F-410F-9A0B-BDC3C22CD558}.Release|Any CPU.Build.0 = Release|Any CPU
		{8694E36A-6553-455C-A5D9-1EF3BD74B7AB}.Debug|Any CPU.ActiveCfg = Debug|Any CPU
		{8694E36A-6553-455C-A5D9-1EF3BD74B7AB}.Debug|Any CPU.Build.0 = Debug|Any CPU
		{8694E36A-6553-455C-A5D9-1EF3BD74B7AB}.Release|Any CPU.ActiveCfg = Release|Any CPU
		{8694E36A-6553-455C-A5D9-1EF3BD74B7AB}.Release|Any CPU.Build.0 = Release|Any CPU
	EndGlobalSection
	GlobalSection(SolutionProperties) = preSolution
		HideSolutionNode = FALSE
	EndGlobalSection
	GlobalSection(ExtensibilityGlobals) = postSolution
		SolutionGuid = {8A3D992B-90B7-4D4E-9FEA-CE1098EC8840}
	EndGlobalSection
EndGlobal
